// !$*UTF8*$!
{
	archiveVersion = 1;
	classes = {
	};
	objectVersion = 77;
	objects = {

/* Begin PBXContainerItemProxy section */
		CD9847A12ED05A840046C5B3 /* PBXContainerItemProxy */ = {
			isa = PBXContainerItemProxy;
			containerPortal = CD98477F2ED05A820046C5B3 /* Project object */;
			proxyType = 1;
			remoteGlobalIDString = CD9847862ED05A820046C5B3;
			remoteInfo = WaRee11_V0501;
		};
		CD9847AB2ED05A840046C5B3 /* PBXContainerItemProxy */ = {
			isa = PBXContainerItemProxy;
			containerPortal = CD98477F2ED05A820046C5B3 /* Project object */;
			proxyType = 1;
			remoteGlobalIDString = CD9847862ED05A820046C5B3;
			remoteInfo = WaRee11_V0501;
		};
/* End PBXContainerItemProxy section */

/* Begin PBXFileReference section */
		CD9847872ED05A820046C5B3 /* WaRee11_V1000_StoreReady.app */ = {isa = PBXFileReference; explicitFileType = wrapper.application; includeInIndex = 0; path = WaRee11_V1000_StoreReady.app; sourceTree = BUILT_PRODUCTS_DIR; };
		CD9847A02ED05A840046C5B3 /* WaRee11_V1000_StoreReadyTests.xctest */ = {isa = PBXFileReference; explicitFileType = wrapper.cfbundle; includeInIndex = 0; path = WaRee11_V1000_StoreReadyTests.xctest; sourceTree = BUILT_PRODUCTS_DIR; };
		CD9847AA2ED05A840046C5B3 /* WaRee11_V1000_StoreReadyUITests.xctest */ = {isa = PBXFileReference; explicitFileType = wrapper.cfbundle; includeInIndex = 0; path = WaRee11_V1000_StoreReadyUITests.xctest; sourceTree = BUILT_PRODUCTS_DIR; };
/* End PBXFileReference section */

/* Begin PBXFileSystemSynchronizedBuildFileExceptionSet section */
		CD858DA92EE7D44B006C3C0D /* Exceptions for "WaRee11_V1000_StoreReady" folder in "WaRee11_V1000_StoreReady" target */ = {
			isa = PBXFileSystemSynchronizedBuildFileExceptionSet;
			membershipExceptions = (
				Info.plist,
			);
			target = CD9847862ED05A820046C5B3 /* WaRee11_V1000_StoreReady */;
		};
/* End PBXFileSystemSynchronizedBuildFileExceptionSet section */

/* Begin PBXFileSystemSynchronizedRootGroup section */
		CD858D852EE7D44A006C3C0D /* WaRee11_V1000_StoreReady */ = {
			isa = PBXFileSystemSynchronizedRootGroup;
			exceptions = (
				CD858DA92EE7D44B006C3C0D /* Exceptions for "WaRee11_V1000_StoreReady" folder in "WaRee11_V1000_StoreReady" target */,
			);
			path = WaRee11_V1000_StoreReady;
			sourceTree = "<group>";
		};
		CD9847A32ED05A840046C5B3 /* WaRee11_V1000_StoreReadyTests */ = {
			isa = PBXFileSystemSynchronizedRootGroup;
			path = WaRee11_V1000_StoreReadyTests;
			sourceTree = "<group>";
		};
		CD9847AD2ED05A840046C5B3 /* WaRee11_V1000_StoreReadyUITests */ = {
			isa = PBXFileSystemSynchronizedRootGroup;
			path = WaRee11_V1000_StoreReadyUITests;
			sourceTree = "<group>";
		};
/* End PBXFileSystemSynchronizedRootGroup section */

/* Begin PBXFrameworksBuildPhase section */
		CD9847842ED05A820046C5B3 /* Frameworks */ = {
			isa = PBXFrameworksBuildPhase;
			buildActionMask = 2147483647;
			files = (
			);
			runOnlyForDeploymentPostprocessing = 0;
		};
		CD98479D2ED05A840046C5B3 /* Frameworks */ = {
			isa = PBXFrameworksBuildPhase;
			buildActionMask = 2147483647;
			files = (
			);
			runOnlyForDeploymentPostprocessing = 0;
		};
		CD9847A72ED05A840046C5B3 /* Frameworks */ = {
			isa = PBXFrameworksBuildPhase;
			buildActionMask = 2147483647;
			files = (
			);
			runOnlyForDeploymentPostprocessing = 0;
		};
/* End PBXFrameworksBuildPhase section */

/* Begin PBXGroup section */
		CD98477E2ED05A820046C5B3 = {
			isa = PBXGroup;
			children = (
				CD858D852EE7D44A006C3C0D /* WaRee11_V1000_StoreReady */,
				CD9847A32ED05A840046C5B3 /* WaRee11_V1000_StoreReadyTests */,
				CD9847AD2ED05A840046C5B3 /* WaRee11_V1000_StoreReadyUITests */,
				CD9847882ED05A820046C5B3 /* Products */,
			);
			sourceTree = "<group>";
		};
		CD9847882ED05A820046C5B3 /* Products */ = {
			isa = PBXGroup;
			children = (
				CD9847872ED05A820046C5B3 /* WaRee11_V1000_StoreReady.app */,
				CD9847A02ED05A840046C5B3 /* WaRee11_V1000_StoreReadyTests.xctest */,
				CD9847AA2ED05A840046C5B3 /* WaRee11_V1000_StoreReadyUITests.xctest */,
			);
			name = Products;
			sourceTree = "<group>";
		};
/* End PBXGroup section */

/* Begin PBXNativeTarget section */
		CD9847862ED05A820046C5B3 /* WaRee11_V1000_StoreReady */ = {
			isa = PBXNativeTarget;
			buildConfigurationList = CD9847B32ED05A840046C5B3 /* Build configuration list for PBXNativeTarget "WaRee11_V1000_StoreReady" */;
			buildPhases = (
				CD9847832ED05A820046C5B3 /* Sources */,
				CD9847842ED05A820046C5B3 /* Frameworks */,
				CD9847852ED05A820046C5B3 /* Resources */,
			);
			buildRules = (
			);
			dependencies = (
			);
			fileSystemSynchronizedGroups = (
				CD858D852EE7D44A006C3C0D /* WaRee11_V1000_StoreReady */,
			);
			name = WaRee11_V1000_StoreReady;
			packageProductDependencies = (
			);
			productName = WaRee11_V0501;
			productReference = CD9847872ED05A820046C5B3 /* WaRee11_V1000_StoreReady.app */;
			productType = "com.apple.product-type.application";
		};
		CD98479F2ED05A840046C5B3 /* WaRee11_V1000_StoreReadyTests */ = {
			isa = PBXNativeTarget;
			buildConfigurationList = CD9847B82ED05A840046C5B3 /* Build configuration list for PBXNativeTarget "WaRee11_V1000_StoreReadyTests" */;
			buildPhases = (
				CD98479C2ED05A840046C5B3 /* Sources */,
				CD98479D2ED05A840046C5B3 /* Frameworks */,
				CD98479E2ED05A840046C5B3 /* Resources */,
			);
			buildRules = (
			);
			dependencies = (
				CD9847A22ED05A840046C5B3 /* PBXTargetDependency */,
			);
			fileSystemSynchronizedGroups = (
				CD9847A32ED05A840046C5B3 /* WaRee11_V1000_StoreReadyTests */,
			);
			name = WaRee11_V1000_StoreReadyTests;
			packageProductDependencies = (
			);
			productName = WaRee11_V0501Tests;
			productReference = CD9847A02ED05A840046C5B3 /* WaRee11_V1000_StoreReadyTests.xctest */;
			productType = "com.apple.product-type.bundle.unit-test";
		};
		CD9847A92ED05A840046C5B3 /* WaRee11_V1000_StoreReadyUITests */ = {
			isa = PBXNativeTarget;
			buildConfigurationList = CD9847BB2ED05A840046C5B3 /* Build configuration list for PBXNativeTarget "WaRee11_V1000_StoreReadyUITests" */;
			buildPhases = (
				CD9847A62ED05A840046C5B3 /* Sources */,
				CD9847A72ED05A840046C5B3 /* Frameworks */,
				CD9847A82ED05A840046C5B3 /* Resources */,
			);
			buildRules = (
			);
			dependencies = (
				CD9847AC2ED05A840046C5B3 /* PBXTargetDependency */,
			);
			fileSystemSynchronizedGroups = (
				CD9847AD2ED05A840046C5B3 /* WaRee11_V1000_StoreReadyUITests */,
			);
			name = WaRee11_V1000_StoreReadyUITests;
			packageProductDependencies = (
			);
			productName = WaRee11_V0501UITests;
			productReference = CD9847AA2ED05A840046C5B3 /* WaRee11_V1000_StoreReadyUITests.xctest */;
			productType = "com.apple.product-type.bundle.ui-testing";
		};
/* End PBXNativeTarget section */

/* Begin PBXProject section */
		CD98477F2ED05A820046C5B3 /* Project object */ = {
			isa = PBXProject;
			attributes = {
				BuildIndependentTargetsInParallel = 1;
				LastSwiftUpdateCheck = 2610;
				LastUpgradeCheck = 2610;
				TargetAttributes = {
					CD9847862ED05A820046C5B3 = {
						CreatedOnToolsVersion = 26.1.1;
					};
					CD98479F2ED05A840046C5B3 = {
						CreatedOnToolsVersion = 26.1.1;
						TestTargetID = CD9847862ED05A820046C5B3;
					};
					CD9847A92ED05A840046C5B3 = {
						CreatedOnToolsVersion = 26.1.1;
						TestTargetID = CD9847862ED05A820046C5B3;
					};
				};
			};
			buildConfigurationList = CD9847822ED05A820046C5B3 /* Build configuration list for PBXProject "WaRee11_V1000_StoreReady" */;
			developmentRegion = en;
			hasScannedForEncodings = 0;
			knownRegions = (
				en,
				Base,
			);
			mainGroup = CD98477E2ED05A820046C5B3;
			minimizedProjectReferenceProxies = 1;
			preferredProjectObjectVersion = 77;
			productRefGroup = CD9847882ED05A820046C5B3 /* Products */;
			projectDirPath = "";
			projectRoot = "";
			targets = (
				CD9847862ED05A820046C5B3 /* WaRee11_V1000_StoreReady */,
				CD98479F2ED05A840046C5B3 /* WaRee11_V1000_StoreReadyTests */,
				CD9847A92ED05A840046C5B3 /* WaRee11_V1000_StoreReadyUITests */,
			);
		};
/* End PBXProject section */

/* Begin PBXResourcesBuildPhase section */
		CD9847852ED05A820046C5B3 /* Resources */ = {
			isa = PBXResourcesBuildPhase;
			buildActionMask = 2147483647;
			files = (
			);
			runOnlyForDeploymentPostprocessing = 0;
		};
		CD98479E2ED05A840046C5B3 /* Resources */ = {
			isa = PBXResourcesBuildPhase;
			buildActionMask = 2147483647;
			files = (
			);
			runOnlyForDeploymentPostprocessing = 0;
		};
		CD9847A82ED05A840046C5B3 /* Resources */ = {
			isa = PBXResourcesBuildPhase;
			buildActionMask = 2147483647;
			files = (
			);
			runOnlyForDeploymentPostprocessing = 0;
		};
/* End PBXResourcesBuildPhase section */

/* Begin PBXSourcesBuildPhase section */
		CD9847832ED05A820046C5B3 /* Sources */ = {
			isa = PBXSourcesBuildPhase;
			buildActionMask = 2147483647;
			files = (
			);
			runOnlyForDeploymentPostprocessing = 0;
		};
		CD98479C2ED05A840046C5B3 /* Sources */ = {
			isa = PBXSourcesBuildPhase;
			buildActionMask = 2147483647;
			files = (
			);
			runOnlyForDeploymentPostprocessing = 0;
		};
		CD9847A62ED05A840046C5B3 /* Sources */ = {
			isa = PBXSourcesBuildPhase;
			buildActionMask = 2147483647;
			files = (
			);
			runOnlyForDeploymentPostprocessing = 0;
		};
/* End PBXSourcesBuildPhase section */

/* Begin PBXTargetDependency section */
		CD9847A22ED05A840046C5B3 /* PBXTargetDependency */ = {
			isa = PBXTargetDependency;
			target = CD9847862ED05A820046C5B3 /* WaRee11_V1000_StoreReady */;
			targetProxy = CD9847A12ED05A840046C5B3 /* PBXContainerItemProxy */;
		};
		CD9847AC2ED05A840046C5B3 /* PBXTargetDependency */ = {
			isa = PBXTargetDependency;
			target = CD9847862ED05A820046C5B3 /* WaRee11_V1000_StoreReady */;
			targetProxy = CD9847AB2ED05A840046C5B3 /* PBXContainerItemProxy */;
		};
/* End PBXTargetDependency section */

/* Begin XCBuildConfiguration section */
		CD9847B42ED05A840046C5B3 /* Debug */ = {
			isa = XCBuildConfiguration;
			buildSettings = {
				ASSETCATALOG_COMPILER_APPICON_NAME = AppIcon;
				ASSETCATALOG_COMPILER_GLOBAL_ACCENT_COLOR_NAME = AccentColor;
				CODE_SIGN_STYLE = Automatic;
				CURRENT_PROJECT_VERSION = 1;
				GENERATE_INFOPLIST_FILE = YES;
				INFOPLIST_FILE = WaRee11_V1000_StoreReady/Info.plist;
				INFOPLIST_KEY_CFBundleDisplayName = WR11;
				INFOPLIST_KEY_LSApplicationCategoryType = "public.app-category.education";
				INFOPLIST_KEY_UIApplicationSupportsIndirectInputEvents = YES;
				INFOPLIST_KEY_UILaunchStoryboardName = LaunchScreen;
				INFOPLIST_KEY_UIMainStoryboardFile = Main;
				INFOPLIST_KEY_UISupportedInterfaceOrientations_iPad = "UIInterfaceOrientationPortrait UIInterfaceOrientationPortraitUpsideDown UIInterfaceOrientationLandscapeLeft UIInterfaceOrientationLandscapeRight";
				INFOPLIST_KEY_UISupportedInterfaceOrientations_iPhone = "UIInterfaceOrientationPortrait UIInterfaceOrientationLandscapeLeft UIInterfaceOrientationLandscapeRight";
				IPHONEOS_DEPLOYMENT_TARGET = 26.0;
				LD_RUNPATH_SEARCH_PATHS = (
					"$(inherited)",
					"@executable_path/Frameworks",
				);
				MARKETING_VERSION = 0.5;
				PRODUCT_BUNDLE_IDENTIFIER = "Irrigation-Innovation-of-Thailand.WaRee11-V0501";
				PRODUCT_NAME = "$(TARGET_NAME)";
				STRING_CATALOG_GENERATE_SYMBOLS = YES;
				SUPPORTED_PLATFORMS = "iphoneos iphonesimulator";
				SUPPORTS_MACCATALYST = NO;
				SUPPORTS_XR_DESIGNED_FOR_IPHONE_IPAD = NO;
				SWIFT_APPROACHABLE_CONCURRENCY = YES;
				SWIFT_DEFAULT_ACTOR_ISOLATION = MainActor;
				SWIFT_EMIT_LOC_STRINGS = YES;
				SWIFT_UPCOMING_FEATURE_MEMBER_IMPORT_VISIBILITY = YES;
				SWIFT_VERSION = 5.0;
				TARGETED_DEVICE_FAMILY = 2;
			};
			name = Debug;
		};
		CD9847B52ED05A840046C5B3 /* Release */ = {
			isa = XCBuildConfiguration;
			buildSettings = {
				ASSETCATALOG_COMPILER_APPICON_NAME = AppIcon;
				ASSETCATALOG_COMPILER_GLOBAL_ACCENT_COLOR_NAME = AccentColor;
				CODE_SIGN_STYLE = Automatic;
				CURRENT_PROJECT_VERSION = 1;
				GENERATE_INFOPLIST_FILE = YES;
				INFOPLIST_FILE = WaRee11_V1000_StoreReady/Info.plist;
				INFOPLIST_KEY_CFBundleDisplayName = WR11;
				INFOPLIST_KEY_LSApplicationCategoryType = "public.app-category.education";
				INFOPLIST_KEY_UIApplicationSupportsIndirectInputEvents = YES;
				INFOPLIST_KEY_UILaunchStoryboardName = LaunchScreen;
				INFOPLIST_KEY_UIMainStoryboardFile = Main;
				INFOPLIST_KEY_UISupportedInterfaceOrientations_iPad = "UIInterfaceOrientationPortrait UIInterfaceOrientationPortraitUpsideDown UIInterfaceOrientationLandscapeLeft UIInterfaceOrientationLandscapeRight";
				INFOPLIST_KEY_UISupportedInterfaceOrientations_iPhone = "UIInterfaceOrientationPortrait UIInterfaceOrientationLandscapeLeft UIInterfaceOrientationLandscapeRight";
				IPHONEOS_DEPLOYMENT_TARGET = 26.0;
				LD_RUNPATH_SEARCH_PATHS = (
					"$(inherited)",
					"@executable_path/Frameworks",
				);
				MARKETING_VERSION = 0.5;
				PRODUCT_BUNDLE_IDENTIFIER = "Irrigation-Innovation-of-Thailand.WaRee11-V0501";
				PRODUCT_NAME = "$(TARGET_NAME)";
				STRING_CATALOG_GENERATE_SYMBOLS = YES;
				SUPPORTED_PLATFORMS = "iphoneos iphonesimulator";
				SUPPORTS_MACCATALYST = NO;
				SUPPORTS_XR_DESIGNED_FOR_IPHONE_IPAD = NO;
				SWIFT_APPROACHABLE_CONCURRENCY = YES;
				SWIFT_DEFAULT_ACTOR_ISOLATION = MainActor;
				SWIFT_EMIT_LOC_STRINGS = YES;
				SWIFT_UPCOMING_FEATURE_MEMBER_IMPORT_VISIBILITY = YES;
				SWIFT_VERSION = 5.0;
				TARGETED_DEVICE_FAMILY = 2;
			};
			name = Release;
		};
		CD9847B62ED05A840046C5B3 /* Debug */ = {
			isa = XCBuildConfiguration;
			buildSettings = {
				ALWAYS_SEARCH_USER_PATHS = NO;
				ASSETCATALOG_COMPILER_GENERATE_SWIFT_ASSET_SYMBOL_EXTENSIONS = YES;
				CLANG_ANALYZER_NONNULL = YES;
				CLANG_ANALYZER_NUMBER_OBJECT_CONVERSION = YES_AGGRESSIVE;
				CLANG_CXX_LANGUAGE_STANDARD = "gnu++20";
				CLANG_ENABLE_MODULES = YES;
				CLANG_ENABLE_OBJC_ARC = YES;
				CLANG_ENABLE_OBJC_WEAK = YES;
				CLANG_WARN_BLOCK_CAPTURE_AUTORELEASING = YES;
				CLANG_WARN_BOOL_CONVERSION = YES;
				CLANG_WARN_COMMA = YES;
				CLANG_WARN_CONSTANT_CONVERSION = YES;
				CLANG_WARN_DEPRECATED_OBJC_IMPLEMENTATIONS = YES;
				CLANG_WARN_DIRECT_OBJC_ISA_USAGE = YES_ERROR;
				CLANG_WARN_DOCUMENTATION_COMMENTS = YES;
				CLANG_WARN_EMPTY_BODY = YES;
				CLANG_WARN_ENUM_CONVERSION = YES;
				CLANG_WARN_INFINITE_RECURSION = YES;
				CLANG_WARN_INT_CONVERSION = YES;
				CLANG_WARN_NON_LITERAL_NULL_CONVERSION = YES;
				CLANG_WARN_OBJC_IMPLICIT_RETAIN_SELF = YES;
				CLANG_WARN_OBJC_LITERAL_CONVERSION = YES;
				CLANG_WARN_OBJC_ROOT_CLASS = YES_ERROR;
				CLANG_WARN_QUOTED_INCLUDE_IN_FRAMEWORK_HEADER = YES;
				CLANG_WARN_RANGE_LOOP_ANALYSIS = YES;
				CLANG_WARN_STRICT_PROTOTYPES = YES;
				CLANG_WARN_SUSPICIOUS_MOVE = YES;
				CLANG_WARN_UNGUARDED_AVAILABILITY = YES_AGGRESSIVE;
				CLANG_WARN_UNREACHABLE_CODE = YES;
				CLANG_WARN__DUPLICATE_METHOD_MATCH = YES;
				COPY_PHASE_STRIP = NO;
				DEBUG_INFORMATION_FORMAT = dwarf;
				ENABLE_STRICT_OBJC_MSGSEND = YES;
				ENABLE_TESTABILITY = YES;
				ENABLE_USER_SCRIPT_SANDBOXING = YES;
				GCC_C_LANGUAGE_STANDARD = gnu17;
				GCC_DYNAMIC_NO_PIC = NO;
				GCC_NO_COMMON_BLOCKS = YES;
				GCC_OPTIMIZATION_LEVEL = 0;
				GCC_PREPROCESSOR_DEFINITIONS = (
					"DEBUG=1",
					"$(inherited)",
				);
				GCC_WARN_64_TO_32_BIT_CONVERSION = YES;
				GCC_WARN_ABOUT_RETURN_TYPE = YES_ERROR;
				GCC_WARN_UNDECLARED_SELECTOR = YES;
				GCC_WARN_UNINITIALIZED_AUTOS = YES_AGGRESSIVE;
				GCC_WARN_UNUSED_FUNCTION = YES;
				GCC_WARN_UNUSED_VARIABLE = YES;
				IPHONEOS_DEPLOYMENT_TARGET = 26.1;
				LOCALIZATION_PREFERS_STRING_CATALOGS = YES;
				MTL_ENABLE_DEBUG_INFO = INCLUDE_SOURCE;
				MTL_FAST_MATH = YES;
				ONLY_ACTIVE_ARCH = YES;
				SDKROOT = iphoneos;
				SWIFT_ACTIVE_COMPILATION_CONDITIONS = "DEBUG $(inherited)";
				SWIFT_OPTIMIZATION_LEVEL = "-Onone";
			};
			name = Debug;
		};
		CD9847B72ED05A840046C5B3 /* Release */ = {
			isa = XCBuildConfiguration;
			buildSettings = {
				ALWAYS_SEARCH_USER_PATHS = NO;
				ASSETCATALOG_COMPILER_GENERATE_SWIFT_ASSET_SYMBOL_EXTENSIONS = YES;
				CLANG_ANALYZER_NONNULL = YES;
				CLANG_ANALYZER_NUMBER_OBJECT_CONVERSION = YES_AGGRESSIVE;
				CLANG_CXX_LANGUAGE_STANDARD = "gnu++20";
				CLANG_ENABLE_MODULES = YES;
				CLANG_ENABLE_OBJC_ARC = YES;
				CLANG_ENABLE_OBJC_WEAK = YES;
				CLANG_WARN_BLOCK_CAPTURE_AUTORELEASING = YES;
				CLANG_WARN_BOOL_CONVERSION = YES;
				CLANG_WARN_COMMA = YES;
				CLANG_WARN_CONSTANT_CONVERSION = YES;
				CLANG_WARN_DEPRECATED_OBJC_IMPLEMENTATIONS = YES;
				CLANG_WARN_DIRECT_OBJC_ISA_USAGE = YES_ERROR;
				CLANG_WARN_DOCUMENTATION_COMMENTS = YES;
				CLANG_WARN_EMPTY_BODY = YES;
				CLANG_WARN_ENUM_CONVERSION = YES;
				CLANG_WARN_INFINITE_RECURSION = YES;
				CLANG_WARN_INT_CONVERSION = YES;
				CLANG_WARN_NON_LITERAL_NULL_CONVERSION = YES;
				CLANG_WARN_OBJC_IMPLICIT_RETAIN_SELF = YES;
				CLANG_WARN_OBJC_LITERAL_CONVERSION = YES;
				CLANG_WARN_OBJC_ROOT_CLASS = YES_ERROR;
				CLANG_WARN_QUOTED_INCLUDE_IN_FRAMEWORK_HEADER = YES;
				CLANG_WARN_RANGE_LOOP_ANALYSIS = YES;
				CLANG_WARN_STRICT_PROTOTYPES = YES;
				CLANG_WARN_SUSPICIOUS_MOVE = YES;
				CLANG_WARN_UNGUARDED_AVAILABILITY = YES_AGGRESSIVE;
				CLANG_WARN_UNREACHABLE_CODE = YES;
				CLANG_WARN__DUPLICATE_METHOD_MATCH = YES;
				COPY_PHASE_STRIP = NO;
				DEBUG_INFORMATION_FORMAT = "dwarf-with-dsym";
				ENABLE_NS_ASSERTIONS = NO;
				ENABLE_STRICT_OBJC_MSGSEND = YES;
				ENABLE_USER_SCRIPT_SANDBOXING = YES;
				GCC_C_LANGUAGE_STANDARD = gnu17;
				GCC_NO_COMMON_BLOCKS = YES;
				GCC_WARN_64_TO_32_BIT_CONVERSION = YES;
				GCC_WARN_ABOUT_RETURN_TYPE = YES_ERROR;
				GCC_WARN_UNDECLARED_SELECTOR = YES;
				GCC_WARN_UNINITIALIZED_AUTOS = YES_AGGRESSIVE;
				GCC_WARN_UNUSED_FUNCTION = YES;
				GCC_WARN_UNUSED_VARIABLE = YES;
				IPHONEOS_DEPLOYMENT_TARGET = 26.1;
				LOCALIZATION_PREFERS_STRING_CATALOGS = YES;
				MTL_ENABLE_DEBUG_INFO = NO;
				MTL_FAST_MATH = YES;
				SDKROOT = iphoneos;
				SWIFT_COMPILATION_MODE = wholemodule;
				VALIDATE_PRODUCT = YES;
			};
			name = Release;
		};
		CD9847B92ED05A840046C5B3 /* Debug */ = {
			isa = XCBuildConfiguration;
			buildSettings = {
				BUNDLE_LOADER = "$(TEST_HOST)";
				CODE_SIGN_STYLE = Automatic;
				CURRENT_PROJECT_VERSION = 1;
				GENERATE_INFOPLIST_FILE = YES;
				IPHONEOS_DEPLOYMENT_TARGET = 26.1;
				MARKETING_VERSION = 1.0;
				PRODUCT_BUNDLE_IDENTIFIER = "Irrigation-Innovation-of-Thailand.WaRee11-V0501Tests";
				PRODUCT_NAME = "$(TARGET_NAME)";
				STRING_CATALOG_GENERATE_SYMBOLS = NO;
				SWIFT_APPROACHABLE_CONCURRENCY = YES;
				SWIFT_EMIT_LOC_STRINGS = NO;
				SWIFT_UPCOMING_FEATURE_MEMBER_IMPORT_VISIBILITY = YES;
				SWIFT_VERSION = 5.0;
				TARGETED_DEVICE_FAMILY = "1,2";
				TEST_HOST = "$(BUILT_PRODUCTS_DIR)/WaRee11_V1000_StoreReady.app/$(BUNDLE_EXECUTABLE_FOLDER_PATH)/WaRee11_V1000_StoreReady";
			};
			name = Debug;
		};
		CD9847BA2ED05A840046C5B3 /* Release */ = {
			isa = XCBuildConfiguration;
			buildSettings = {
				BUNDLE_LOADER = "$(TEST_HOST)";
				CODE_SIGN_STYLE = Automatic;
				CURRENT_PROJECT_VERSION = 1;
				GENERATE_INFOPLIST_FILE = YES;
				IPHONEOS_DEPLOYMENT_TARGET = 26.1;
				MARKETING_VERSION = 1.0;
				PRODUCT_BUNDLE_IDENTIFIER = "Irrigation-Innovation-of-Thailand.WaRee11-V0501Tests";
				PRODUCT_NAME = "$(TARGET_NAME)";
				STRING_CATALOG_GENERATE_SYMBOLS = NO;
				SWIFT_APPROACHABLE_CONCURRENCY = YES;
				SWIFT_EMIT_LOC_STRINGS = NO;
				SWIFT_UPCOMING_FEATURE_MEMBER_IMPORT_VISIBILITY = YES;
				SWIFT_VERSION = 5.0;
				TARGETED_DEVICE_FAMILY = "1,2";
				TEST_HOST = "$(BUILT_PRODUCTS_DIR)/WaRee11_V1000_StoreReady.app/$(BUNDLE_EXECUTABLE_FOLDER_PATH)/WaRee11_V1000_StoreReady";
			};
			name = Release;
		};
		CD9847BC2ED05A840046C5B3 /* Debug */ = {
			isa = XCBuildConfiguration;
			buildSettings = {
				CODE_SIGN_STYLE = Automatic;
				CURRENT_PROJECT_VERSION = 1;
				GENERATE_INFOPLIST_FILE = YES;
				MARKETING_VERSION = 1.0;
				PRODUCT_BUNDLE_IDENTIFIER = "Irrigation-Innovation-of-Thailand.WaRee11-V0501UITests";
				PRODUCT_NAME = "$(TARGET_NAME)";
				STRING_CATALOG_GENERATE_SYMBOLS = NO;
				SWIFT_APPROACHABLE_CONCURRENCY = YES;
				SWIFT_EMIT_LOC_STRINGS = NO;
				SWIFT_UPCOMING_FEATURE_MEMBER_IMPORT_VISIBILITY = YES;
				SWIFT_VERSION = 5.0;
				TARGETED_DEVICE_FAMILY = "1,2";
				TEST_TARGET_NAME = WaRee11_V0501;
			};
			name = Debug;
		};
		CD9847BD2ED05A840046C5B3 /* Release */ = {
			isa = XCBuildConfiguration;
			buildSettings = {
				CODE_SIGN_STYLE = Automatic;
				CURRENT_PROJECT_VERSION = 1;
				GENERATE_INFOPLIST_FILE = YES;
				MARKETING_VERSION = 1.0;
				PRODUCT_BUNDLE_IDENTIFIER = "Irrigation-Innovation-of-Thailand.WaRee11-V0501UITests";
				PRODUCT_NAME = "$(TARGET_NAME)";
				STRING_CATALOG_GENERATE_SYMBOLS = NO;
				SWIFT_APPROACHABLE_CONCURRENCY = YES;
				SWIFT_EMIT_LOC_STRINGS = NO;
				SWIFT_UPCOMING_FEATURE_MEMBER_IMPORT_VISIBILITY = YES;
				SWIFT_VERSION = 5.0;
				TARGETED_DEVICE_FAMILY = "1,2";
				TEST_TARGET_NAME = WaRee11_V0501;
			};
			name = Release;
		};
/* End XCBuildConfiguration section */

/* Begin XCConfigurationList section */
		CD9847822ED05A820046C5B3 /* Build configuration list for PBXProject "WaRee11_V1000_StoreReady" */ = {
			isa = XCConfigurationList;
			buildConfigurations = (
				CD9847B62ED05A840046C5B3 /* Debug */,
				CD9847B72ED05A840046C5B3 /* Release */,
			);
			defaultConfigurationIsVisible = 0;
			defaultConfigurationName = Release;
		};
		CD9847B32ED05A840046C5B3 /* Build configuration list for PBXNativeTarget "WaRee11_V1000_StoreReady" */ = {
			isa = XCConfigurationList;
			buildConfigurations = (
				CD9847B42ED05A840046C5B3 /* Debug */,
				CD9847B52ED05A840046C5B3 /* Release */,
			);
			defaultConfigurationIsVisible = 0;
			defaultConfigurationName = Release;
		};
		CD9847B82ED05A840046C5B3 /* Build configuration list for PBXNativeTarget "WaRee11_V1000_StoreReadyTests" */ = {
			isa = XCConfigurationList;
			buildConfigurations = (
				CD9847B92ED05A840046C5B3 /* Debug */,
				CD9847BA2ED05A840046C5B3 /* Release */,
			);
			defaultConfigurationIsVisible = 0;
			defaultConfigurationName = Release;
		};
		CD9847BB2ED05A840046C5B3 /* Build configuration list for PBXNativeTarget "WaRee11_V1000_StoreReadyUITests" */ = {
			isa = XCConfigurationList;
			buildConfigurations = (
				CD9847BC2ED05A840046C5B3 /* Debug */,
				CD9847BD2ED05A840046C5B3 /* Release */,
			);
			defaultConfigurationIsVisible = 0;
			defaultConfigurationName = Release;
		};
/* End XCConfigurationList section */
	};
	rootObject = CD98477F2ED05A820046C5B3 /* Project object */;
}
